
Microsoft Visual Studio Solution File, Format Version 12.00
# Visual Studio Version 16
VisualStudioVersion = 16.0.31702.278
MinimumVisualStudioVersion = 10.0.40219.1
Project("{888888A0-9F3D-457C-B088-3A5042F75D52}") = "NumHubPY", "NumHubPY\NumHubPY.pyproj", "{CB065602-5F49-48FE-BDBF-7D2EDDD59239}"
EndProject
Global
	GlobalSection(SolutionConfigurationPlatforms) = preSolution
		Debug|Any CPU = Debug|Any CPU
		Release|Any CPU = Release|Any CPU
	EndGlobalSection
	GlobalSection(ProjectConfigurationPlatforms) = postSolution
		{CB065602-5F49-48FE-BDBF-7D2EDDD59239}.Debug|Any CPU.ActiveCfg = Debug|Any CPU
		{CB065602-5F49-48FE-BDBF-7D2EDDD59239}.Release|Any CPU.ActiveCfg = Release|Any CPU
	EndGlobalSection
	GlobalSection(SolutionProperties) = preSolution
		HideSolutionNode = FALSE
	EndGlobalSection
	GlobalSection(ExtensibilityGlobals) = postSolution
		SolutionGuid = {E63E4CDA-9521-46D7-86DA-15F31A5FD886}
	EndGlobalSection
EndGlobal
